{
  "version": 4,
  "terraform_version": "1.8.5",
  "serial": 224,
  "lineage": "7f1a7cb9-20ba-a7d7-a2be-0bccacec8883",
  "outputs": {},
  "resources": [
    {
      "mode": "managed",
      "type": "aws_ecs_cluster",
      "name": "main",
      "provider": "provider[\"registry.terraform.io/hashicorp/aws\"]",
      "instances": [
        {
          "schema_version": 0,
          "attributes": {
            "arn": "arn:aws:ecs:eu-north-1:533266978173:cluster/strapi-cluster",
            "configuration": [],
            "id": "arn:aws:ecs:eu-north-1:533266978173:cluster/strapi-cluster",
            "name": "strapi-cluster",
            "service_connect_defaults": [],
            "setting": [
              {
                "name": "containerInsights",
                "value": "disabled"
              }
            ],
            "tags": null,
            "tags_all": {}
          },
          "sensitive_attributes": [],
          "private": "bnVsbA=="
        }
      ]
    },
    {
      "mode": "managed",
      "type": "aws_ecs_service",
      "name": "strapi",
      "provider": "provider[\"registry.terraform.io/hashicorp/aws\"]",
      "instances": [
        {
          "schema_version": 0,
          "attributes": {
            "alarms": [],
            "capacity_provider_strategy": [],
            "cluster": "arn:aws:ecs:eu-north-1:533266978173:cluster/strapi-cluster",
            "deployment_circuit_breaker": [
              {
                "enable": false,
                "rollback": false
              }
            ],
            "deployment_controller": [
              {
                "type": "ECS"
              }
            ],
            "deployment_maximum_percent": 200,
            "deployment_minimum_healthy_percent": 100,
            "desired_count": 1,
            "enable_ecs_managed_tags": false,
            "enable_execute_command": false,
            "force_new_deployment": null,
            "health_check_grace_period_seconds": 0,
            "iam_role": "/aws-service-role/ecs.amazonaws.com/AWSServiceRoleForECS",
            "id": "arn:aws:ecs:eu-north-1:533266978173:service/strapi-cluster/strapi-service",
            "launch_type": "FARGATE",
            "load_balancer": [
              {
                "container_name": "strapi",
                "container_port": 1337,
                "elb_name": "",
                "target_group_arn": "arn:aws:elasticloadbalancing:eu-north-1:533266978173:targetgroup/strapi-targets/9f41fb1817af1487"
              }
            ],
            "name": "strapi-service",
            "network_configuration": [
              {
                "assign_public_ip": true,
                "security_groups": [
                  "sg-00e83555687315b89"
                ],
                "subnets": [
                  "subnet-02704e9eef024f667",
                  "subnet-04b0d99f2e123a27c"
                ]
              }
            ],
            "ordered_placement_strategy": [],
            "placement_constraints": [],
            "platform_version": "LATEST",
            "propagate_tags": "NONE",
            "scheduling_strategy": "REPLICA",
            "service_connect_configuration": [],
            "service_registries": [],
            "tags": null,
            "tags_all": {},
            "task_definition": "arn:aws:ecs:eu-north-1:533266978173:task-definition/kartik-strapi-task:6",
            "timeouts": null,
            "triggers": {},
            "volume_configuration": [],
            "wait_for_steady_state": false
          },
          "sensitive_attributes": [],
          "private": "eyJlMmJmYjczMC1lY2FhLTExZTYtOGY4OC0zNDM2M2JjN2M0YzAiOnsiY3JlYXRlIjoxMjAwMDAwMDAwMDAwLCJkZWxldGUiOjEyMDAwMDAwMDAwMDAsInVwZGF0ZSI6MTIwMDAwMDAwMDAwMH19",
          "dependencies": [
            "aws_ecs_cluster.main",
            "aws_ecs_task_definition.kartik-strapi",
            "aws_iam_role.ecs_task_execution_role",
            "aws_lb_target_group.strapi",
            "aws_security_group.kartik_sg",
            "aws_subnet.public1",
            "aws_subnet.public2",
            "aws_vpc.kartik_vpc"
          ]
        }
      ]
    },
    {
      "mode": "managed",
      "type": "aws_ecs_task_definition",
      "name": "kartik-strapi",
      "provider": "provider[\"registry.terraform.io/hashicorp/aws\"]",
      "instances": [
        {
          "schema_version": 1,
          "attributes": {
            "arn": "arn:aws:ecs:eu-north-1:533266978173:task-definition/kartik-strapi-task:6",
            "arn_without_revision": "arn:aws:ecs:eu-north-1:533266978173:task-definition/kartik-strapi-task",
            "container_definitions": "[{\"cpu\":0,\"environment\":[],\"essential\":true,\"image\":\"kartik2311/strapi-app:latest\",\"mountPoints\":[],\"name\":\"strapi\",\"portMappings\":[{\"containerPort\":1337,\"hostPort\":1337,\"protocol\":\"tcp\"}],\"systemControls\":[],\"volumesFrom\":[]}]",
            "cpu": "256",
            "ephemeral_storage": [],
            "execution_role_arn": "arn:aws:iam::533266978173:role/kartik_ecs-task-execution-role",
            "family": "kartik-strapi-task",
            "id": "kartik-strapi-task",
            "inference_accelerator": [],
            "ipc_mode": "",
            "memory": "512",
            "network_mode": "awsvpc",
            "pid_mode": "",
            "placement_constraints": [],
            "proxy_configuration": [],
            "requires_compatibilities": [
              "FARGATE"
            ],
            "revision": 6,
            "runtime_platform": [],
            "skip_destroy": false,
            "tags": null,
            "tags_all": {},
            "task_role_arn": "",
            "track_latest": false,
            "volume": []
          },
          "sensitive_attributes": [],
          "private": "eyJzY2hlbWFfdmVyc2lvbiI6IjEifQ==",
          "dependencies": [
            "aws_iam_role.ecs_task_execution_role"
          ]
        }
      ]
    },
    {
      "mode": "managed",
      "type": "aws_iam_role",
      "name": "ecs_task_execution_role",
      "provider": "provider[\"registry.terraform.io/hashicorp/aws\"]",
      "instances": [
        {
          "schema_version": 0,
          "attributes": {
            "arn": "arn:aws:iam::533266978173:role/kartik_ecs-task-execution-role",
            "assume_role_policy": "{\"Statement\":[{\"Action\":\"sts:AssumeRole\",\"Effect\":\"Allow\",\"Principal\":{\"Service\":\"ecs-tasks.amazonaws.com\"}}],\"Version\":\"2012-10-17\"}",
            "create_date": "2024-07-08T07:10:18Z",
            "description": "",
            "force_detach_policies": false,
            "id": "kartik_ecs-task-execution-role",
            "inline_policy": [],
            "managed_policy_arns": [],
            "max_session_duration": 3600,
            "name": "kartik_ecs-task-execution-role",
            "name_prefix": "",
            "path": "/",
            "permissions_boundary": "",
            "tags": null,
            "tags_all": {},
            "unique_id": "AROAXYKJQKV6VHFCFTQOH"
          },
          "sensitive_attributes": [],
          "private": "bnVsbA=="
        }
      ]
    },
    {
      "mode": "managed",
      "type": "aws_iam_role_policy_attachment",
      "name": "ecs_task_execution_role_policy",
      "provider": "provider[\"registry.terraform.io/hashicorp/aws\"]",
      "instances": [
        {
          "schema_version": 0,
          "attributes": {
            "id": "kartik_ecs-task-execution-role-20240708071016956200000001",
            "policy_arn": "arn:aws:iam::aws:policy/service-role/AmazonECSTaskExecutionRolePolicy",
            "role": "kartik_ecs-task-execution-role"
          },
          "sensitive_attributes": [],
          "private": "bnVsbA==",
          "dependencies": [
            "aws_iam_role.ecs_task_execution_role"
          ]
        }
      ]
    },
    {
      "mode": "managed",
      "type": "aws_internet_gateway",
      "name": "kartik_gateway",
      "provider": "provider[\"registry.terraform.io/hashicorp/aws\"]",
      "instances": [
        {
          "schema_version": 0,
          "attributes": {
            "arn": "arn:aws:ec2:eu-north-1:533266978173:internet-gateway/igw-09c4cfc3c68a8ed0d",
            "id": "igw-09c4cfc3c68a8ed0d",
            "owner_id": "533266978173",
            "tags": null,
            "tags_all": {},
            "timeouts": null,
            "vpc_id": "vpc-0aad83958e5717d4d"
          },
          "sensitive_attributes": [],
          "private": "eyJlMmJmYjczMC1lY2FhLTExZTYtOGY4OC0zNDM2M2JjN2M0YzAiOnsiY3JlYXRlIjoxMjAwMDAwMDAwMDAwLCJkZWxldGUiOjEyMDAwMDAwMDAwMDAsInVwZGF0ZSI6MTIwMDAwMDAwMDAwMH19",
          "dependencies": [
            "aws_vpc.kartik_vpc"
          ]
        }
      ]
    },
    {
      "mode": "managed",
      "type": "aws_lb",
      "name": "strapi",
      "provider": "provider[\"registry.terraform.io/hashicorp/aws\"]",
      "instances": [
        {
          "schema_version": 0,
          "attributes": {
            "access_logs": [
              {
                "bucket": "",
                "enabled": false,
                "prefix": ""
              }
            ],
            "arn": "arn:aws:elasticloadbalancing:eu-north-1:533266978173:loadbalancer/app/strapi-alb/f56edaaa35e3fe7f",
            "arn_suffix": "app/strapi-alb/f56edaaa35e3fe7f",
            "client_keep_alive": 3600,
            "connection_logs": [
              {
                "bucket": "",
                "enabled": false,
                "prefix": ""
              }
            ],
            "customer_owned_ipv4_pool": "",
            "desync_mitigation_mode": "defensive",
            "dns_name": "strapi-alb-1503157740.eu-north-1.elb.amazonaws.com",
            "dns_record_client_routing_policy": null,
            "drop_invalid_header_fields": false,
            "enable_cross_zone_load_balancing": true,
            "enable_deletion_protection": false,
            "enable_http2": true,
            "enable_tls_version_and_cipher_suite_headers": false,
            "enable_waf_fail_open": false,
            "enable_xff_client_port": false,
            "enforce_security_group_inbound_rules_on_private_link_traffic": "",
            "id": "arn:aws:elasticloadbalancing:eu-north-1:533266978173:loadbalancer/app/strapi-alb/f56edaaa35e3fe7f",
            "idle_timeout": 60,
            "internal": false,
            "ip_address_type": "ipv4",
            "load_balancer_type": "application",
            "name": "strapi-alb",
            "name_prefix": "",
            "preserve_host_header": false,
            "security_groups": [
              "sg-08e1be1a384ff41e4"
            ],
            "subnet_mapping": [
              {
                "allocation_id": "",
                "ipv6_address": "",
                "outpost_id": "",
                "private_ipv4_address": "",
                "subnet_id": "subnet-02704e9eef024f667"
              },
              {
                "allocation_id": "",
                "ipv6_address": "",
                "outpost_id": "",
                "private_ipv4_address": "",
                "subnet_id": "subnet-04b0d99f2e123a27c"
              }
            ],
            "subnets": [
              "subnet-02704e9eef024f667",
              "subnet-04b0d99f2e123a27c"
            ],
            "tags": null,
            "tags_all": {},
            "timeouts": null,
            "vpc_id": "vpc-0aad83958e5717d4d",
            "xff_header_processing_mode": "append",
            "zone_id": "Z23TAZ6LKFMNIO"
          },
          "sensitive_attributes": [],
          "private": "eyJlMmJmYjczMC1lY2FhLTExZTYtOGY4OC0zNDM2M2JjN2M0YzAiOnsiY3JlYXRlIjo2MDAwMDAwMDAwMDAsImRlbGV0ZSI6NjAwMDAwMDAwMDAwLCJ1cGRhdGUiOjYwMDAwMDAwMDAwMH19",
          "dependencies": [
            "aws_security_group.Alb_sg",
            "aws_subnet.public1",
            "aws_subnet.public2",
            "aws_vpc.kartik_vpc"
          ]
        }
      ]
    },
    {
      "mode": "managed",
      "type": "aws_lb_listener",
      "name": "http",
      "provider": "provider[\"registry.terraform.io/hashicorp/aws\"]",
      "instances": [
        {
          "schema_version": 0,
          "attributes": {
            "alpn_policy": null,
            "arn": "arn:aws:elasticloadbalancing:eu-north-1:533266978173:listener/app/strapi-alb/f56edaaa35e3fe7f/93013147f3a6699e",
            "certificate_arn": null,
            "default_action": [
              {
                "authenticate_cognito": [],
                "authenticate_oidc": [],
                "fixed_response": [],
                "forward": [],
                "order": 1,
                "redirect": [],
                "target_group_arn": "arn:aws:elasticloadbalancing:eu-north-1:533266978173:targetgroup/strapi-targets/9f41fb1817af1487",
                "type": "forward"
              }
            ],
            "id": "arn:aws:elasticloadbalancing:eu-north-1:533266978173:listener/app/strapi-alb/f56edaaa35e3fe7f/93013147f3a6699e",
            "load_balancer_arn": "arn:aws:elasticloadbalancing:eu-north-1:533266978173:loadbalancer/app/strapi-alb/f56edaaa35e3fe7f",
            "mutual_authentication": [],
            "port": 80,
            "protocol": "HTTP",
            "ssl_policy": "",
            "tags": null,
            "tags_all": {},
            "timeouts": null
          },
          "sensitive_attributes": [],
          "private": "eyJlMmJmYjczMC1lY2FhLTExZTYtOGY4OC0zNDM2M2JjN2M0YzAiOnsiY3JlYXRlIjozMDAwMDAwMDAwMDAsInVwZGF0ZSI6MzAwMDAwMDAwMDAwfX0=",
          "dependencies": [
            "aws_lb.strapi",
            "aws_lb_target_group.strapi",
            "aws_security_group.Alb_sg",
            "aws_subnet.public1",
            "aws_subnet.public2",
            "aws_vpc.kartik_vpc"
          ]
        }
      ]
    },
    {
      "mode": "managed",
      "type": "aws_lb_target_group",
      "name": "strapi",
      "provider": "provider[\"registry.terraform.io/hashicorp/aws\"]",
      "instances": [
        {
          "schema_version": 0,
          "attributes": {
            "arn": "arn:aws:elasticloadbalancing:eu-north-1:533266978173:targetgroup/strapi-targets/9f41fb1817af1487",
            "arn_suffix": "targetgroup/strapi-targets/9f41fb1817af1487",
            "connection_termination": null,
            "deregistration_delay": "300",
            "health_check": [
              {
                "enabled": true,
                "healthy_threshold": 2,
                "interval": 30,
                "matcher": "200",
                "path": "/",
                "port": "traffic-port",
                "protocol": "HTTP",
                "timeout": 5,
                "unhealthy_threshold": 2
              }
            ],
            "id": "arn:aws:elasticloadbalancing:eu-north-1:533266978173:targetgroup/strapi-targets/9f41fb1817af1487",
            "ip_address_type": "ipv4",
            "lambda_multi_value_headers_enabled": false,
            "load_balancer_arns": [],
            "load_balancing_algorithm_type": "round_robin",
            "load_balancing_anomaly_mitigation": "off",
            "load_balancing_cross_zone_enabled": "use_load_balancer_configuration",
            "name": "strapi-targets",
            "name_prefix": "",
            "port": 1337,
            "preserve_client_ip": null,
            "protocol": "HTTP",
            "protocol_version": "HTTP1",
            "proxy_protocol_v2": false,
            "slow_start": 0,
            "stickiness": [
              {
                "cookie_duration": 86400,
                "cookie_name": "",
                "enabled": false,
                "type": "lb_cookie"
              }
            ],
            "tags": null,
            "tags_all": {},
            "target_failover": [
              {
                "on_deregistration": null,
                "on_unhealthy": null
              }
            ],
            "target_health_state": [
              {
                "enable_unhealthy_connection_termination": null
              }
            ],
            "target_type": "ip",
            "vpc_id": "vpc-0aad83958e5717d4d"
          },
          "sensitive_attributes": [],
          "private": "bnVsbA==",
          "dependencies": [
            "aws_vpc.kartik_vpc"
          ]
        }
      ]
    },
    {
      "mode": "managed",
      "type": "aws_route53_record",
      "name": "strapi",
      "provider": "provider[\"registry.terraform.io/hashicorp/aws\"]",
      "instances": [
        {
          "schema_version": 2,
          "attributes": {
            "alias": [
              {
                "evaluate_target_health": false,
                "name": "strapi-alb-1503157740.eu-north-1.elb.amazonaws.com",
                "zone_id": "Z23TAZ6LKFMNIO"
              }
            ],
            "allow_overwrite": null,
            "cidr_routing_policy": [],
            "failover_routing_policy": [],
            "fqdn": "kartik1.contentecho.in",
            "geolocation_routing_policy": [],
            "geoproximity_routing_policy": [],
            "health_check_id": "",
            "id": "Z06607023RJWXGXD2ZL6M_kartik1.contentecho.in_A",
            "latency_routing_policy": [],
            "multivalue_answer_routing_policy": false,
            "name": "kartik1.contentecho.in",
            "records": null,
            "set_identifier": "",
            "ttl": 0,
            "type": "A",
            "weighted_routing_policy": [],
            "zone_id": "Z06607023RJWXGXD2ZL6M"
          },
          "sensitive_attributes": [],
          "private": "eyJzY2hlbWFfdmVyc2lvbiI6IjIifQ==",
          "dependencies": [
            "aws_lb.strapi",
            "aws_security_group.Alb_sg",
            "aws_subnet.public1",
            "aws_subnet.public2",
            "aws_vpc.kartik_vpc"
          ]
        }
      ]
    },
    {
      "mode": "managed",
      "type": "aws_route_table",
      "name": "public",
      "provider": "provider[\"registry.terraform.io/hashicorp/aws\"]",
      "instances": [
        {
          "schema_version": 0,
          "attributes": {
            "arn": "arn:aws:ec2:eu-north-1:533266978173:route-table/rtb-08f109bf4e7f8bfc6",
            "id": "rtb-08f109bf4e7f8bfc6",
            "owner_id": "533266978173",
            "propagating_vgws": [],
            "route": [
              {
                "carrier_gateway_id": "",
                "cidr_block": "0.0.0.0/0",
                "core_network_arn": "",
                "destination_prefix_list_id": "",
                "egress_only_gateway_id": "",
                "gateway_id": "igw-09c4cfc3c68a8ed0d",
                "ipv6_cidr_block": "",
                "local_gateway_id": "",
                "nat_gateway_id": "",
                "network_interface_id": "",
                "transit_gateway_id": "",
                "vpc_endpoint_id": "",
                "vpc_peering_connection_id": ""
              }
            ],
            "tags": null,
            "tags_all": {},
            "timeouts": null,
            "vpc_id": "vpc-0aad83958e5717d4d"
          },
          "sensitive_attributes": [],
          "private": "eyJlMmJmYjczMC1lY2FhLTExZTYtOGY4OC0zNDM2M2JjN2M0YzAiOnsiY3JlYXRlIjozMDAwMDAwMDAwMDAsImRlbGV0ZSI6MzAwMDAwMDAwMDAwLCJ1cGRhdGUiOjEyMDAwMDAwMDAwMH19",
          "dependencies": [
            "aws_internet_gateway.kartik_gateway",
            "aws_vpc.kartik_vpc"
          ]
        }
      ]
    },
    {
      "mode": "managed",
      "type": "aws_route_table_association",
      "name": "public",
      "provider": "provider[\"registry.terraform.io/hashicorp/aws\"]",
      "instances": [
        {
          "schema_version": 0,
          "attributes": {
            "gateway_id": "",
            "id": "rtbassoc-0c999d51a8c485890",
            "route_table_id": "rtb-08f109bf4e7f8bfc6",
            "subnet_id": "subnet-02704e9eef024f667",
            "timeouts": null
          },
          "sensitive_attributes": [],
          "private": "eyJlMmJmYjczMC1lY2FhLTExZTYtOGY4OC0zNDM2M2JjN2M0YzAiOnsiY3JlYXRlIjozMDAwMDAwMDAwMDAsImRlbGV0ZSI6MzAwMDAwMDAwMDAwLCJ1cGRhdGUiOjEyMDAwMDAwMDAwMH19",
          "dependencies": [
            "aws_internet_gateway.kartik_gateway",
            "aws_route_table.public",
            "aws_subnet.public1",
            "aws_vpc.kartik_vpc"
          ]
        }
      ]
    },
    {
      "mode": "managed",
      "type": "aws_security_group",
      "name": "Alb_sg",
      "provider": "provider[\"registry.terraform.io/hashicorp/aws\"]",
      "instances": [
        {
          "schema_version": 1,
          "attributes": {
            "arn": "arn:aws:ec2:eu-north-1:533266978173:security-group/sg-08e1be1a384ff41e4",
            "description": "Managed by Terraform",
            "egress": [
              {
                "cidr_blocks": [
                  "0.0.0.0/0"
                ],
                "description": "",
                "from_port": 0,
                "ipv6_cidr_blocks": [],
                "prefix_list_ids": [],
                "protocol": "-1",
                "security_groups": [],
                "self": false,
                "to_port": 0
              }
            ],
            "id": "sg-08e1be1a384ff41e4",
            "ingress": [
              {
                "cidr_blocks": [
                  "0.0.0.0/0"
                ],
                "description": "",
                "from_port": 0,
                "ipv6_cidr_blocks": [],
                "prefix_list_ids": [],
                "protocol": "-1",
                "security_groups": [],
                "self": false,
                "to_port": 0
              }
            ],
            "name": "Alb_sg",
            "name_prefix": "",
            "owner_id": "533266978173",
            "revoke_rules_on_delete": false,
            "tags": null,
            "tags_all": {},
            "timeouts": null,
            "vpc_id": "vpc-0aad83958e5717d4d"
          },
          "sensitive_attributes": [],
          "private": "eyJlMmJmYjczMC1lY2FhLTExZTYtOGY4OC0zNDM2M2JjN2M0YzAiOnsiY3JlYXRlIjo2MDAwMDAwMDAwMDAsImRlbGV0ZSI6OTAwMDAwMDAwMDAwfSwic2NoZW1hX3ZlcnNpb24iOiIxIn0=",
          "dependencies": [
            "aws_vpc.kartik_vpc"
          ]
        }
      ]
    },
    {
      "mode": "managed",
      "type": "aws_security_group",
      "name": "kartik_sg",
      "provider": "provider[\"registry.terraform.io/hashicorp/aws\"]",
      "instances": [
        {
          "schema_version": 1,
          "attributes": {
            "arn": "arn:aws:ec2:eu-north-1:533266978173:security-group/sg-00e83555687315b89",
            "description": "Managed by Terraform",
            "egress": [
              {
                "cidr_blocks": [
                  "0.0.0.0/0"
                ],
                "description": "",
                "from_port": 0,
                "ipv6_cidr_blocks": [],
                "prefix_list_ids": [],
                "protocol": "-1",
                "security_groups": [],
                "self": false,
                "to_port": 0
              }
            ],
            "id": "sg-00e83555687315b89",
            "ingress": [
              {
                "cidr_blocks": [
                  "0.0.0.0/0"
                ],
                "description": "",
                "from_port": 0,
                "ipv6_cidr_blocks": [],
                "prefix_list_ids": [],
                "protocol": "-1",
                "security_groups": [],
                "self": false,
                "to_port": 0
              }
            ],
            "name": "kartik_sg",
            "name_prefix": "",
            "owner_id": "533266978173",
            "revoke_rules_on_delete": false,
            "tags": null,
            "tags_all": {},
            "timeouts": null,
            "vpc_id": "vpc-0aad83958e5717d4d"
          },
          "sensitive_attributes": [],
          "private": "eyJlMmJmYjczMC1lY2FhLTExZTYtOGY4OC0zNDM2M2JjN2M0YzAiOnsiY3JlYXRlIjo2MDAwMDAwMDAwMDAsImRlbGV0ZSI6OTAwMDAwMDAwMDAwfSwic2NoZW1hX3ZlcnNpb24iOiIxIn0=",
          "dependencies": [
            "aws_vpc.kartik_vpc"
          ]
        }
      ]
    },
    {
      "mode": "managed",
      "type": "aws_subnet",
      "name": "public1",
      "provider": "provider[\"registry.terraform.io/hashicorp/aws\"]",
      "instances": [
        {
          "schema_version": 1,
          "attributes": {
            "arn": "arn:aws:ec2:eu-north-1:533266978173:subnet/subnet-02704e9eef024f667",
            "assign_ipv6_address_on_creation": false,
            "availability_zone": "eu-north-1a",
            "availability_zone_id": "eun1-az1",
            "cidr_block": "10.0.1.0/24",
            "customer_owned_ipv4_pool": "",
            "enable_dns64": false,
            "enable_lni_at_device_index": 0,
            "enable_resource_name_dns_a_record_on_launch": false,
            "enable_resource_name_dns_aaaa_record_on_launch": false,
            "id": "subnet-02704e9eef024f667",
            "ipv6_cidr_block": "",
            "ipv6_cidr_block_association_id": "",
            "ipv6_native": false,
            "map_customer_owned_ip_on_launch": false,
            "map_public_ip_on_launch": true,
            "outpost_arn": "",
            "owner_id": "533266978173",
            "private_dns_hostname_type_on_launch": "ip-name",
            "tags": null,
            "tags_all": {},
            "timeouts": null,
            "vpc_id": "vpc-0aad83958e5717d4d"
          },
          "sensitive_attributes": [],
          "private": "eyJlMmJmYjczMC1lY2FhLTExZTYtOGY4OC0zNDM2M2JjN2M0YzAiOnsiY3JlYXRlIjo2MDAwMDAwMDAwMDAsImRlbGV0ZSI6MTIwMDAwMDAwMDAwMH0sInNjaGVtYV92ZXJzaW9uIjoiMSJ9",
          "dependencies": [
            "aws_vpc.kartik_vpc"
          ]
        }
      ]
    },
    {
      "mode": "managed",
      "type": "aws_subnet",
      "name": "public2",
      "provider": "provider[\"registry.terraform.io/hashicorp/aws\"]",
      "instances": [
        {
          "schema_version": 1,
          "attributes": {
            "arn": "arn:aws:ec2:eu-north-1:533266978173:subnet/subnet-04b0d99f2e123a27c",
            "assign_ipv6_address_on_creation": false,
            "availability_zone": "eu-north-1b",
            "availability_zone_id": "eun1-az2",
            "cidr_block": "10.0.2.0/24",
            "customer_owned_ipv4_pool": "",
            "enable_dns64": false,
            "enable_lni_at_device_index": 0,
            "enable_resource_name_dns_a_record_on_launch": false,
            "enable_resource_name_dns_aaaa_record_on_launch": false,
            "id": "subnet-04b0d99f2e123a27c",
            "ipv6_cidr_block": "",
            "ipv6_cidr_block_association_id": "",
            "ipv6_native": false,
            "map_customer_owned_ip_on_launch": false,
            "map_public_ip_on_launch": true,
            "outpost_arn": "",
            "owner_id": "533266978173",
            "private_dns_hostname_type_on_launch": "ip-name",
            "tags": null,
            "tags_all": {},
            "timeouts": null,
            "vpc_id": "vpc-0aad83958e5717d4d"
          },
          "sensitive_attributes": [],
          "private": "eyJlMmJmYjczMC1lY2FhLTExZTYtOGY4OC0zNDM2M2JjN2M0YzAiOnsiY3JlYXRlIjo2MDAwMDAwMDAwMDAsImRlbGV0ZSI6MTIwMDAwMDAwMDAwMH0sInNjaGVtYV92ZXJzaW9uIjoiMSJ9",
          "dependencies": [
            "aws_vpc.kartik_vpc"
          ]
        }
      ]
    },
    {
      "mode": "managed",
      "type": "aws_vpc",
      "name": "kartik_vpc",
      "provider": "provider[\"registry.terraform.io/hashicorp/aws\"]",
      "instances": [
        {
          "schema_version": 1,
          "attributes": {
            "arn": "arn:aws:ec2:eu-north-1:533266978173:vpc/vpc-0aad83958e5717d4d",
            "assign_generated_ipv6_cidr_block": false,
            "cidr_block": "10.0.0.0/16",
            "default_network_acl_id": "acl-05305271421a372fd",
            "default_route_table_id": "rtb-064ee62f1dab79a23",
            "default_security_group_id": "sg-07dac35ef1ac74abb",
            "dhcp_options_id": "dopt-08e45421c4e617177",
            "enable_dns_hostnames": true,
            "enable_dns_support": true,
            "enable_network_address_usage_metrics": false,
            "id": "vpc-0aad83958e5717d4d",
            "instance_tenancy": "default",
            "ipv4_ipam_pool_id": null,
            "ipv4_netmask_length": null,
            "ipv6_association_id": "",
            "ipv6_cidr_block": "",
            "ipv6_cidr_block_network_border_group": "",
            "ipv6_ipam_pool_id": "",
            "ipv6_netmask_length": 0,
            "main_route_table_id": "rtb-064ee62f1dab79a23",
            "owner_id": "533266978173",
            "tags": null,
            "tags_all": {}
          },
          "sensitive_attributes": [],
          "private": "eyJzY2hlbWFfdmVyc2lvbiI6IjEifQ=="
        }
      ]
    }
  ],
  "check_results": null
}
